
Microsoft Visual Studio Solution File, Format Version 12.00
# Visual Studio Version 17
VisualStudioVersion = 17.5.33516.290
MinimumVisualStudioVersion = 10.0.40219.1
Project("{2150E333-8FDC-42A3-9474-1A3956D46DE8}") = "01.Presentation", "01.Presentation", "{92552C75-0019-4A93-B5A8-9AA318B5BE13}"
EndProject
Project("{2150E333-8FDC-42A3-9474-1A3956D46DE8}") = "02.Application", "02.Application", "{EB6D69ED-0B57-4B99-A28A-ACCB1A0CCEBE}"
EndProject
Project("{2150E333-8FDC-42A3-9474-1A3956D46DE8}") = "03.Infrastructure", "03.Infrastructure", "{3B322308-A8AC-4F0E-BCB1-78D2339F5385}"
EndProject
Project("{2150E333-8FDC-42A3-9474-1A3956D46DE8}") = "04.CrossCutting", "04.CrossCutting", "{13993C41-14B7-41A6-9E8E-11BACBC7C5A0}"
EndProject
Project("{9A19103F-16F7-4668-BE54-9A1E7A4F7556}") = "Template.Application", "Template.Application\Template.Application.csproj", "{2BC7ECE3-7A3E-4D37-BADA-C54EC3DAEE51}"
EndProject
Project("{9A19103F-16F7-4668-BE54-9A1E7A4F7556}") = "Template.Domain", "Template.Domain\Template.Domain.csproj", "{377D7216-A42B-414A-BBE6-A950967C5F6F}"
EndProject
Project("{2150E333-8FDC-42A3-9474-1A3956D46DE8}") = "10.Documentation", "10.Documentation", "{59366ED1-AC5E-4D43-BA8A-9B76FECED361}"
	ProjectSection(SolutionItems) = preProject
		Template.Documentation\Documentation.md = Template.Documentation\Documentation.md
	EndProjectSection
EndProject
Project("{9A19103F-16F7-4668-BE54-9A1E7A4F7556}") = "Template.Configuration", "Template.Configuration\Template.Configuration.csproj", "{E0C83E4B-3E83-4B8E-A78E-89D2D61EF9AF}"
EndProject
Project("{2150E333-8FDC-42A3-9474-1A3956D46DE8}") = "Solution Items", "Solution Items", "{92F1EDB1-05E3-4698-A942-7107070F939C}"
	ProjectSection(SolutionItems) = preProject
		..\..\.gitignore = ..\..\.gitignore
		..\..\README.md = ..\..\README.md
		H:\Mi unidad\Proyectos\Template - Horas.xlsx = H:\Mi unidad\Proyectos\Template - Horas.xlsx
	EndProjectSection
EndProject
Project("{9A19103F-16F7-4668-BE54-9A1E7A4F7556}") = "Template.Infrastructure", "Template.Infrastructure\Template.Infrastructure.csproj", "{5B0D5296-7FBC-45E7-A97D-AB2312297F58}"
EndProject
Project("{9A19103F-16F7-4668-BE54-9A1E7A4F7556}") = "Template.Common", "Template.Common\Template.Common.csproj", "{049D6442-F616-4C9D-9C29-3556710461FF}"
EndProject
Project("{2150E333-8FDC-42A3-9474-1A3956D46DE8}") = "Deployment", "Deployment", "{D0C4D9BB-161A-4911-BF95-B1123D434E42}"
EndProject
Project("{2150E333-8FDC-42A3-9474-1A3956D46DE8}") = "development", "development", "{C819DCAE-087C-4A0E-90A8-55919F63E581}"
	ProjectSection(SolutionItems) = preProject
		Template.WebApp.Deployment\development\appsettings.json = Template.WebApp.Deployment\development\appsettings.json
		Template.WebApp.Deployment\development\nlog.config = Template.WebApp.Deployment\development\nlog.config
	EndProjectSection
EndProject
Project("{2150E333-8FDC-42A3-9474-1A3956D46DE8}") = "production", "production", "{5C07E9D6-8FF5-497E-9FA3-B3CAE3249CA0}"
	ProjectSection(SolutionItems) = preProject
		Template.WebApp.Deployment\production\appsettings.json = Template.WebApp.Deployment\production\appsettings.json
		Template.WebApp.Deployment\production\nlog.config = Template.WebApp.Deployment\production\nlog.config
	EndProjectSection
EndProject
Project("{9A19103F-16F7-4668-BE54-9A1E7A4F7556}") = "Template.Security", "Template.Security\Template.Security.csproj", "{34E78E88-BA47-4076-81E3-1719F2A19F50}"
EndProject
Project("{E53339B2-1760-4266-BCC7-CA923CBCF16C}") = "docker-compose", "docker-compose.dcproj", "{71B4B880-E5EE-4B08-8A02-F09B099B2770}"
EndProject
Project("{2150E333-8FDC-42A3-9474-1A3956D46DE8}") = "Pipelines", "Pipelines", "{58AD5A6D-9097-4058-ACB0-20670F8EA311}"
	ProjectSection(SolutionItems) = preProject
		..\..\.github\workflows\deployment.yml = ..\..\.github\workflows\deployment.yml
		..\..\.github\workflows\tests.yml = ..\..\.github\workflows\tests.yml
	EndProjectSection
EndProject
Project("{9A19103F-16F7-4668-BE54-9A1E7A4F7556}") = "Template.Application.Features", "Template.Application.Features\Template.Application.Features.csproj", "{38B68D62-0507-47F1-B999-F24663D1A714}"
EndProject
Project("{9A19103F-16F7-4668-BE54-9A1E7A4F7556}") = "Template.Persistence.SqlServer", "Template.Persistence.SqlServer\Template.Persistence.SqlServer.csproj", "{D17B3FF9-D121-4B9D-8F93-EC9B565BD4B4}"
EndProject
Project("{9A19103F-16F7-4668-BE54-9A1E7A4F7556}") = "Template.Persistence.Identity.SqlServer", "Template.Persistence.Identity.SqlServer\Template.Persistence.Identity.SqlServer.csproj", "{09E99DE8-A84A-453C-BDB6-09F72A3C01AC}"
EndProject
Project("{2150E333-8FDC-42A3-9474-1A3956D46DE8}") = "Database", "Database", "{234CCBE2-212B-4369-BAC0-257EC013D34C}"
EndProject
Project("{2150E333-8FDC-42A3-9474-1A3956D46DE8}") = "ExternalServices", "ExternalServices", "{EC12B712-D0E5-410A-98D9-2AD96B3E8BC5}"
EndProject
Project("{2150E333-8FDC-42A3-9474-1A3956D46DE8}") = "CommunicationServices", "CommunicationServices", "{E912A677-6CD4-4302-ADFD-543074E98913}"
EndProject
Project("{9A19103F-16F7-4668-BE54-9A1E7A4F7556}") = "Template.WebApp", "Template.WebApp\Template.WebApp.csproj", "{CF20F4AF-BE44-46C9-A983-45925B5AAE0E}"
EndProject
Project("{2150E333-8FDC-42A3-9474-1A3956D46DE8}") = "Security", "Security", "{73419D24-21AD-42CE-AE65-873CB54C1A55}"
EndProject
Project("{9A19103F-16F7-4668-BE54-9A1E7A4F7556}") = "Template.WebApp.IntegrationTests", "Template.WebApp.IntegrationTests\Template.WebApp.IntegrationTests.csproj", "{03A59E55-B47C-4630-A042-F7D6BC18DDA0}"
EndProject
Project("{2150E333-8FDC-42A3-9474-1A3956D46DE8}") = "staging", "staging", "{0CE841D0-12B2-4F0D-9DDA-D1D328B9A0A2}"
	ProjectSection(SolutionItems) = preProject
		Template.WebApp.Deployment\staging\appsettings.json = Template.WebApp.Deployment\staging\appsettings.json
		Template.WebApp.Deployment\staging\nlog.config = Template.WebApp.Deployment\staging\nlog.config
	EndProjectSection
EndProject
Project("{9A19103F-16F7-4668-BE54-9A1E7A4F7556}") = "Template.Persistence.Identity.PostgreSql", "Template.Persistence.Identity.PostgreSql\Template.Persistence.Identity.PostgreSql.csproj", "{CC90D310-4B51-405E-8E01-A9B1E6BB3EF1}"
EndProject
Project("{9A19103F-16F7-4668-BE54-9A1E7A4F7556}") = "Template.Persistence.PostgreSql", "Template.Persistence.PostgreSql\Template.Persistence.PostgreSql.csproj", "{CEAD5303-8735-4C6B-91DC-12BF5EAF6D4A}"
EndProject
Project("{2150E333-8FDC-42A3-9474-1A3956D46DE8}") = "SqlServer", "SqlServer", "{4FAD61CD-FD90-4881-96AB-BA693C805359}"
EndProject
Project("{2150E333-8FDC-42A3-9474-1A3956D46DE8}") = "PostgreSql", "PostgreSql", "{991F1822-85AD-49E6-946E-CC44A6643966}"
EndProject
Project("{9A19103F-16F7-4668-BE54-9A1E7A4F7556}") = "Template.ExternalServices", "Template.ExternalServices\Template.ExternalServices.csproj", "{CA4E880C-B122-4C9A-A6F8-12DD95E1DECE}"
EndProject
Project("{9A19103F-16F7-4668-BE54-9A1E7A4F7556}") = "Template.Infrastructure.EmailService.Smtp", "Template.Infrastructure.EmailService.Smtp\Template.Infrastructure.EmailService.Smtp.csproj", "{5B6C8841-E262-43B9-AB2C-127BDE786903}"
EndProject
Project("{9A19103F-16F7-4668-BE54-9A1E7A4F7556}") = "Template.Infrastructure.EmailService.AzureCommunicationService", "Template.Infrastructure.EmailService.AzureCommunicationService\Template.Infrastructure.EmailService.AzureCommunicationService.csproj", "{019CA46E-93BB-4D8A-846C-B55856F39B03}"
EndProject
Project("{9A19103F-16F7-4668-BE54-9A1E7A4F7556}") = "Template.ExternalServices.EmailService.Listmonk", "Template.ExternalServices.EmailService.Listmonk\Template.ExternalServices.EmailService.Listmonk.csproj", "{F412AFAD-50B9-45F4-9F1F-DC79C666CC2B}"
EndProject
Project("{2150E333-8FDC-42A3-9474-1A3956D46DE8}") = "Caching", "Caching", "{7B9C4040-A138-4034-B9CD-22DA9BB93F37}"
EndProject
Project("{9A19103F-16F7-4668-BE54-9A1E7A4F7556}") = "Template.Infrastructure.Caching.Redis", "Template.Infrastructure.Caching.Redis\Template.Infrastructure.Caching.Redis.csproj", "{CB2512DE-B3B1-4E35-B19F-9C2AC590659E}"
EndProject
Project("{9A19103F-16F7-4668-BE54-9A1E7A4F7556}") = "Template.Persistence", "Template.Persistence\Template.Persistence.csproj", "{48C6CAD6-1A96-4D48-9A2C-CA5890F41230}"
EndProject
Project("{9A19103F-16F7-4668-BE54-9A1E7A4F7556}") = "Template.Common.UnitTests", "Template.Common.UnitTests\Template.Common.UnitTests.csproj", "{1F32E70E-59CC-491D-B81B-0A30CCD6F441}"
EndProject
Project("{2150E333-8FDC-42A3-9474-1A3956D46DE8}") = "MessageBroker", "MessageBroker", "{4878A337-E6E1-4F9C-ADC1-CBD04C3ECB6C}"
EndProject
Project("{9A19103F-16F7-4668-BE54-9A1E7A4F7556}") = "Template.Infrastructure.MessageBroker.MassTransit", "Template.Infrastructure.MessageBroker.MassTransit\Template.Infrastructure.MessageBroker.MassTransit.csproj", "{FBC3EFED-CC63-46CE-8A61-C03EC36FEC52}"
EndProject
Project("{9A19103F-16F7-4668-BE54-9A1E7A4F7556}") = "Template.Infrastructure.Caching.Memory", "Template.Infrastructure.Caching.Memory\Template.Infrastructure.Caching.Memory.csproj", "{C13E8FDD-FBA4-44AB-8119-4CFA0C2CB8D2}"
EndProject
Project("{9A19103F-16F7-4668-BE54-9A1E7A4F7556}") = "Template.Infrastructure.Caching", "Template.Infrastructure.Caching\Template.Infrastructure.Caching.csproj", "{7596B862-FA18-4D3E-B732-E8DDC9F6B4D1}"
EndProject
Project("{2150E333-8FDC-42A3-9474-1A3956D46DE8}") = "Template", "Template", "{12C15405-96D3-4852-B6DD-E9AA44E588C0}"
	ProjectSection(SolutionItems) = preProject
		.templace.config\template.json = .templace.config\template.json
		.templace.config\localize\templatestrings.es.json = .templace.config\localize\templatestrings.es.json
	EndProjectSection
EndProject
Global
	GlobalSection(SolutionConfigurationPlatforms) = preSolution
		Debug|Any CPU = Debug|Any CPU
		Release|Any CPU = Release|Any CPU
	EndGlobalSection
	GlobalSection(ProjectConfigurationPlatforms) = postSolution
		{2BC7ECE3-7A3E-4D37-BADA-C54EC3DAEE51}.Debug|Any CPU.ActiveCfg = Debug|Any CPU
		{2BC7ECE3-7A3E-4D37-BADA-C54EC3DAEE51}.Debug|Any CPU.Build.0 = Debug|Any CPU
		{2BC7ECE3-7A3E-4D37-BADA-C54EC3DAEE51}.Release|Any CPU.ActiveCfg = Release|Any CPU
		{2BC7ECE3-7A3E-4D37-BADA-C54EC3DAEE51}.Release|Any CPU.Build.0 = Release|Any CPU
		{377D7216-A42B-414A-BBE6-A950967C5F6F}.Debug|Any CPU.ActiveCfg = Debug|Any CPU
		{377D7216-A42B-414A-BBE6-A950967C5F6F}.Debug|Any CPU.Build.0 = Debug|Any CPU
		{377D7216-A42B-414A-BBE6-A950967C5F6F}.Release|Any CPU.ActiveCfg = Release|Any CPU
		{377D7216-A42B-414A-BBE6-A950967C5F6F}.Release|Any CPU.Build.0 = Release|Any CPU
		{E0C83E4B-3E83-4B8E-A78E-89D2D61EF9AF}.Debug|Any CPU.ActiveCfg = Debug|Any CPU
		{E0C83E4B-3E83-4B8E-A78E-89D2D61EF9AF}.Debug|Any CPU.Build.0 = Debug|Any CPU
		{E0C83E4B-3E83-4B8E-A78E-89D2D61EF9AF}.Release|Any CPU.ActiveCfg = Release|Any CPU
		{E0C83E4B-3E83-4B8E-A78E-89D2D61EF9AF}.Release|Any CPU.Build.0 = Release|Any CPU
		{5B0D5296-7FBC-45E7-A97D-AB2312297F58}.Debug|Any CPU.ActiveCfg = Debug|Any CPU
		{5B0D5296-7FBC-45E7-A97D-AB2312297F58}.Debug|Any CPU.Build.0 = Debug|Any CPU
		{5B0D5296-7FBC-45E7-A97D-AB2312297F58}.Release|Any CPU.ActiveCfg = Release|Any CPU
		{5B0D5296-7FBC-45E7-A97D-AB2312297F58}.Release|Any CPU.Build.0 = Release|Any CPU
		{049D6442-F616-4C9D-9C29-3556710461FF}.Debug|Any CPU.ActiveCfg = Debug|Any CPU
		{049D6442-F616-4C9D-9C29-3556710461FF}.Debug|Any CPU.Build.0 = Debug|Any CPU
		{049D6442-F616-4C9D-9C29-3556710461FF}.Release|Any CPU.ActiveCfg = Release|Any CPU
		{049D6442-F616-4C9D-9C29-3556710461FF}.Release|Any CPU.Build.0 = Release|Any CPU
		{34E78E88-BA47-4076-81E3-1719F2A19F50}.Debug|Any CPU.ActiveCfg = Debug|Any CPU
		{34E78E88-BA47-4076-81E3-1719F2A19F50}.Debug|Any CPU.Build.0 = Debug|Any CPU
		{34E78E88-BA47-4076-81E3-1719F2A19F50}.Release|Any CPU.ActiveCfg = Release|Any CPU
		{34E78E88-BA47-4076-81E3-1719F2A19F50}.Release|Any CPU.Build.0 = Release|Any CPU
		{71B4B880-E5EE-4B08-8A02-F09B099B2770}.Debug|Any CPU.ActiveCfg = Debug|Any CPU
		{71B4B880-E5EE-4B08-8A02-F09B099B2770}.Debug|Any CPU.Build.0 = Debug|Any CPU
		{71B4B880-E5EE-4B08-8A02-F09B099B2770}.Release|Any CPU.ActiveCfg = Release|Any CPU
		{71B4B880-E5EE-4B08-8A02-F09B099B2770}.Release|Any CPU.Build.0 = Release|Any CPU
		{38B68D62-0507-47F1-B999-F24663D1A714}.Debug|Any CPU.ActiveCfg = Debug|Any CPU
		{38B68D62-0507-47F1-B999-F24663D1A714}.Debug|Any CPU.Build.0 = Debug|Any CPU
		{38B68D62-0507-47F1-B999-F24663D1A714}.Release|Any CPU.ActiveCfg = Release|Any CPU
		{38B68D62-0507-47F1-B999-F24663D1A714}.Release|Any CPU.Build.0 = Release|Any CPU
		{D17B3FF9-D121-4B9D-8F93-EC9B565BD4B4}.Debug|Any CPU.ActiveCfg = Debug|Any CPU
		{D17B3FF9-D121-4B9D-8F93-EC9B565BD4B4}.Debug|Any CPU.Build.0 = Debug|Any CPU
		{D17B3FF9-D121-4B9D-8F93-EC9B565BD4B4}.Release|Any CPU.ActiveCfg = Release|Any CPU
		{D17B3FF9-D121-4B9D-8F93-EC9B565BD4B4}.Release|Any CPU.Build.0 = Release|Any CPU
		{09E99DE8-A84A-453C-BDB6-09F72A3C01AC}.Debug|Any CPU.ActiveCfg = Debug|Any CPU
		{09E99DE8-A84A-453C-BDB6-09F72A3C01AC}.Debug|Any CPU.Build.0 = Debug|Any CPU
		{09E99DE8-A84A-453C-BDB6-09F72A3C01AC}.Release|Any CPU.ActiveCfg = Release|Any CPU
		{09E99DE8-A84A-453C-BDB6-09F72A3C01AC}.Release|Any CPU.Build.0 = Release|Any CPU
		{CF20F4AF-BE44-46C9-A983-45925B5AAE0E}.Debug|Any CPU.ActiveCfg = Debug|Any CPU
		{CF20F4AF-BE44-46C9-A983-45925B5AAE0E}.Debug|Any CPU.Build.0 = Debug|Any CPU
		{CF20F4AF-BE44-46C9-A983-45925B5AAE0E}.Release|Any CPU.ActiveCfg = Release|Any CPU
		{CF20F4AF-BE44-46C9-A983-45925B5AAE0E}.Release|Any CPU.Build.0 = Release|Any CPU
		{03A59E55-B47C-4630-A042-F7D6BC18DDA0}.Debug|Any CPU.ActiveCfg = Debug|Any CPU
		{03A59E55-B47C-4630-A042-F7D6BC18DDA0}.Debug|Any CPU.Build.0 = Debug|Any CPU
		{03A59E55-B47C-4630-A042-F7D6BC18DDA0}.Release|Any CPU.ActiveCfg = Release|Any CPU
		{03A59E55-B47C-4630-A042-F7D6BC18DDA0}.Release|Any CPU.Build.0 = Release|Any CPU
		{CC90D310-4B51-405E-8E01-A9B1E6BB3EF1}.Debug|Any CPU.ActiveCfg = Debug|Any CPU
		{CC90D310-4B51-405E-8E01-A9B1E6BB3EF1}.Debug|Any CPU.Build.0 = Debug|Any CPU
		{CC90D310-4B51-405E-8E01-A9B1E6BB3EF1}.Release|Any CPU.ActiveCfg = Release|Any CPU
		{CC90D310-4B51-405E-8E01-A9B1E6BB3EF1}.Release|Any CPU.Build.0 = Release|Any CPU
		{CEAD5303-8735-4C6B-91DC-12BF5EAF6D4A}.Debug|Any CPU.ActiveCfg = Debug|Any CPU
		{CEAD5303-8735-4C6B-91DC-12BF5EAF6D4A}.Debug|Any CPU.Build.0 = Debug|Any CPU
		{CEAD5303-8735-4C6B-91DC-12BF5EAF6D4A}.Release|Any CPU.ActiveCfg = Release|Any CPU
		{CEAD5303-8735-4C6B-91DC-12BF5EAF6D4A}.Release|Any CPU.Build.0 = Release|Any CPU
		{CA4E880C-B122-4C9A-A6F8-12DD95E1DECE}.Debug|Any CPU.ActiveCfg = Debug|Any CPU
		{CA4E880C-B122-4C9A-A6F8-12DD95E1DECE}.Debug|Any CPU.Build.0 = Debug|Any CPU
		{CA4E880C-B122-4C9A-A6F8-12DD95E1DECE}.Release|Any CPU.ActiveCfg = Release|Any CPU
		{CA4E880C-B122-4C9A-A6F8-12DD95E1DECE}.Release|Any CPU.Build.0 = Release|Any CPU
		{5B6C8841-E262-43B9-AB2C-127BDE786903}.Debug|Any CPU.ActiveCfg = Debug|Any CPU
		{5B6C8841-E262-43B9-AB2C-127BDE786903}.Debug|Any CPU.Build.0 = Debug|Any CPU
		{5B6C8841-E262-43B9-AB2C-127BDE786903}.Release|Any CPU.ActiveCfg = Release|Any CPU
		{5B6C8841-E262-43B9-AB2C-127BDE786903}.Release|Any CPU.Build.0 = Release|Any CPU
		{019CA46E-93BB-4D8A-846C-B55856F39B03}.Debug|Any CPU.ActiveCfg = Debug|Any CPU
		{019CA46E-93BB-4D8A-846C-B55856F39B03}.Debug|Any CPU.Build.0 = Debug|Any CPU
		{019CA46E-93BB-4D8A-846C-B55856F39B03}.Release|Any CPU.ActiveCfg = Release|Any CPU
		{019CA46E-93BB-4D8A-846C-B55856F39B03}.Release|Any CPU.Build.0 = Release|Any CPU
		{F412AFAD-50B9-45F4-9F1F-DC79C666CC2B}.Debug|Any CPU.ActiveCfg = Debug|Any CPU
		{F412AFAD-50B9-45F4-9F1F-DC79C666CC2B}.Debug|Any CPU.Build.0 = Debug|Any CPU
		{F412AFAD-50B9-45F4-9F1F-DC79C666CC2B}.Release|Any CPU.ActiveCfg = Release|Any CPU
		{F412AFAD-50B9-45F4-9F1F-DC79C666CC2B}.Release|Any CPU.Build.0 = Release|Any CPU
		{CB2512DE-B3B1-4E35-B19F-9C2AC590659E}.Debug|Any CPU.ActiveCfg = Debug|Any CPU
		{CB2512DE-B3B1-4E35-B19F-9C2AC590659E}.Debug|Any CPU.Build.0 = Debug|Any CPU
		{CB2512DE-B3B1-4E35-B19F-9C2AC590659E}.Release|Any CPU.ActiveCfg = Release|Any CPU
		{CB2512DE-B3B1-4E35-B19F-9C2AC590659E}.Release|Any CPU.Build.0 = Release|Any CPU
		{48C6CAD6-1A96-4D48-9A2C-CA5890F41230}.Debug|Any CPU.ActiveCfg = Debug|Any CPU
		{48C6CAD6-1A96-4D48-9A2C-CA5890F41230}.Debug|Any CPU.Build.0 = Debug|Any CPU
		{48C6CAD6-1A96-4D48-9A2C-CA5890F41230}.Release|Any CPU.ActiveCfg = Release|Any CPU
		{48C6CAD6-1A96-4D48-9A2C-CA5890F41230}.Release|Any CPU.Build.0 = Release|Any CPU
		{1F32E70E-59CC-491D-B81B-0A30CCD6F441}.Debug|Any CPU.ActiveCfg = Debug|Any CPU
		{1F32E70E-59CC-491D-B81B-0A30CCD6F441}.Debug|Any CPU.Build.0 = Debug|Any CPU
		{1F32E70E-59CC-491D-B81B-0A30CCD6F441}.Release|Any CPU.ActiveCfg = Release|Any CPU
		{1F32E70E-59CC-491D-B81B-0A30CCD6F441}.Release|Any CPU.Build.0 = Release|Any CPU
		{FBC3EFED-CC63-46CE-8A61-C03EC36FEC52}.Debug|Any CPU.ActiveCfg = Debug|Any CPU
		{FBC3EFED-CC63-46CE-8A61-C03EC36FEC52}.Debug|Any CPU.Build.0 = Debug|Any CPU
		{FBC3EFED-CC63-46CE-8A61-C03EC36FEC52}.Release|Any CPU.ActiveCfg = Release|Any CPU
		{FBC3EFED-CC63-46CE-8A61-C03EC36FEC52}.Release|Any CPU.Build.0 = Release|Any CPU
		{C13E8FDD-FBA4-44AB-8119-4CFA0C2CB8D2}.Debug|Any CPU.ActiveCfg = Debug|Any CPU
		{C13E8FDD-FBA4-44AB-8119-4CFA0C2CB8D2}.Debug|Any CPU.Build.0 = Debug|Any CPU
		{C13E8FDD-FBA4-44AB-8119-4CFA0C2CB8D2}.Release|Any CPU.ActiveCfg = Release|Any CPU
		{C13E8FDD-FBA4-44AB-8119-4CFA0C2CB8D2}.Release|Any CPU.Build.0 = Release|Any CPU
		{7596B862-FA18-4D3E-B732-E8DDC9F6B4D1}.Debug|Any CPU.ActiveCfg = Debug|Any CPU
		{7596B862-FA18-4D3E-B732-E8DDC9F6B4D1}.Debug|Any CPU.Build.0 = Debug|Any CPU
		{7596B862-FA18-4D3E-B732-E8DDC9F6B4D1}.Release|Any CPU.ActiveCfg = Release|Any CPU
		{7596B862-FA18-4D3E-B732-E8DDC9F6B4D1}.Release|Any CPU.Build.0 = Release|Any CPU
	EndGlobalSection
	GlobalSection(SolutionProperties) = preSolution
		HideSolutionNode = FALSE
	EndGlobalSection
	GlobalSection(NestedProjects) = preSolution
		{2BC7ECE3-7A3E-4D37-BADA-C54EC3DAEE51} = {EB6D69ED-0B57-4B99-A28A-ACCB1A0CCEBE}
		{377D7216-A42B-414A-BBE6-A950967C5F6F} = {EB6D69ED-0B57-4B99-A28A-ACCB1A0CCEBE}
		{E0C83E4B-3E83-4B8E-A78E-89D2D61EF9AF} = {13993C41-14B7-41A6-9E8E-11BACBC7C5A0}
		{5B0D5296-7FBC-45E7-A97D-AB2312297F58} = {E912A677-6CD4-4302-ADFD-543074E98913}
		{049D6442-F616-4C9D-9C29-3556710461FF} = {13993C41-14B7-41A6-9E8E-11BACBC7C5A0}
		{D0C4D9BB-161A-4911-BF95-B1123D434E42} = {92F1EDB1-05E3-4698-A942-7107070F939C}
		{C819DCAE-087C-4A0E-90A8-55919F63E581} = {D0C4D9BB-161A-4911-BF95-B1123D434E42}
		{5C07E9D6-8FF5-497E-9FA3-B3CAE3249CA0} = {D0C4D9BB-161A-4911-BF95-B1123D434E42}
		{34E78E88-BA47-4076-81E3-1719F2A19F50} = {73419D24-21AD-42CE-AE65-873CB54C1A55}
		{58AD5A6D-9097-4058-ACB0-20670F8EA311} = {92F1EDB1-05E3-4698-A942-7107070F939C}
		{38B68D62-0507-47F1-B999-F24663D1A714} = {EB6D69ED-0B57-4B99-A28A-ACCB1A0CCEBE}
		{D17B3FF9-D121-4B9D-8F93-EC9B565BD4B4} = {4FAD61CD-FD90-4881-96AB-BA693C805359}
		{09E99DE8-A84A-453C-BDB6-09F72A3C01AC} = {4FAD61CD-FD90-4881-96AB-BA693C805359}
		{234CCBE2-212B-4369-BAC0-257EC013D34C} = {3B322308-A8AC-4F0E-BCB1-78D2339F5385}
		{EC12B712-D0E5-410A-98D9-2AD96B3E8BC5} = {3B322308-A8AC-4F0E-BCB1-78D2339F5385}
		{E912A677-6CD4-4302-ADFD-543074E98913} = {3B322308-A8AC-4F0E-BCB1-78D2339F5385}
		{CF20F4AF-BE44-46C9-A983-45925B5AAE0E} = {92552C75-0019-4A93-B5A8-9AA318B5BE13}
		{73419D24-21AD-42CE-AE65-873CB54C1A55} = {3B322308-A8AC-4F0E-BCB1-78D2339F5385}
		{03A59E55-B47C-4630-A042-F7D6BC18DDA0} = {92552C75-0019-4A93-B5A8-9AA318B5BE13}
		{0CE841D0-12B2-4F0D-9DDA-D1D328B9A0A2} = {D0C4D9BB-161A-4911-BF95-B1123D434E42}
		{CC90D310-4B51-405E-8E01-A9B1E6BB3EF1} = {991F1822-85AD-49E6-946E-CC44A6643966}
		{CEAD5303-8735-4C6B-91DC-12BF5EAF6D4A} = {991F1822-85AD-49E6-946E-CC44A6643966}
		{4FAD61CD-FD90-4881-96AB-BA693C805359} = {234CCBE2-212B-4369-BAC0-257EC013D34C}
		{991F1822-85AD-49E6-946E-CC44A6643966} = {234CCBE2-212B-4369-BAC0-257EC013D34C}
		{CA4E880C-B122-4C9A-A6F8-12DD95E1DECE} = {EC12B712-D0E5-410A-98D9-2AD96B3E8BC5}
		{5B6C8841-E262-43B9-AB2C-127BDE786903} = {E912A677-6CD4-4302-ADFD-543074E98913}
		{019CA46E-93BB-4D8A-846C-B55856F39B03} = {E912A677-6CD4-4302-ADFD-543074E98913}
		{F412AFAD-50B9-45F4-9F1F-DC79C666CC2B} = {EC12B712-D0E5-410A-98D9-2AD96B3E8BC5}
		{7B9C4040-A138-4034-B9CD-22DA9BB93F37} = {3B322308-A8AC-4F0E-BCB1-78D2339F5385}
		{CB2512DE-B3B1-4E35-B19F-9C2AC590659E} = {7B9C4040-A138-4034-B9CD-22DA9BB93F37}
		{48C6CAD6-1A96-4D48-9A2C-CA5890F41230} = {234CCBE2-212B-4369-BAC0-257EC013D34C}
		{1F32E70E-59CC-491D-B81B-0A30CCD6F441} = {13993C41-14B7-41A6-9E8E-11BACBC7C5A0}
		{4878A337-E6E1-4F9C-ADC1-CBD04C3ECB6C} = {3B322308-A8AC-4F0E-BCB1-78D2339F5385}
		{FBC3EFED-CC63-46CE-8A61-C03EC36FEC52} = {4878A337-E6E1-4F9C-ADC1-CBD04C3ECB6C}
		{C13E8FDD-FBA4-44AB-8119-4CFA0C2CB8D2} = {7B9C4040-A138-4034-B9CD-22DA9BB93F37}
		{7596B862-FA18-4D3E-B732-E8DDC9F6B4D1} = {7B9C4040-A138-4034-B9CD-22DA9BB93F37}
		{12C15405-96D3-4852-B6DD-E9AA44E588C0} = {92F1EDB1-05E3-4698-A942-7107070F939C}
	EndGlobalSection
	GlobalSection(ExtensibilityGlobals) = postSolution
		SolutionGuid = {FE8F77F3-F983-424E-8D38-D5665293BD9E}
		RESX_SortFileContentOnSave = True
		RESX_EnableXlifSync = False
	EndGlobalSection
EndGlobal
